Boomgo e9ee82d5d19fc545c07f1248a0223a313fbb982d
bootstrap b0bd3efc4a5fba45020541115ec21ae7574442c7
silex 8311149945d8e8ea68cdb86f73d91db55e22c6b6
Symfony/Bridge/Twig d2adae7046314e1988ccd73132b47960df502ce6
Symfony/Component/Config 8d04ea02e44e059a0765741b7a322533b4fe2a4f
Symfony/Component/Console 75ca31776bd98ad427f759cbe8a62400e40c73a1
Symfony/Component/Form 9835071c83888fb8196388b3e51923d24eb906ee
Symfony/Component/Translation bff0873d23cf6b47c4c2faca178e1a7c3821d4f5
Symfony/Component/Validator 9ee45c480113b8a7406364d991fbc5ab245cbad6
Swiftmailer 0243dc3b18c784adda72e71f6bd34f11fef69b4b